
Microsoft Visual Studio Solution File, Format Version 12.00
# Visual Studio 15
VisualStudioVersion = 15.0.28307.572
MinimumVisualStudioVersion = 10.0.40219.1
Project("{FAE04EC0-301F-11D3-BF4B-00C04F79EFBC}") = "foreach", "foreach\foreach.csproj", "{8345DC6C-B65A-42B8-931A-77E46674F8C6}"
EndProject
Global
	GlobalSection(SolutionConfigurationPlatforms) = preSolution
		Debug|Any CPU = Debug|Any CPU
		Release|Any CPU = Release|Any CPU
	EndGlobalSection
	GlobalSection(ProjectConfigurationPlatforms) = postSolution
		{8345DC6C-B65A-42B8-931A-77E46674F8C6}.Debug|Any CPU.ActiveCfg = Debug|Any CPU
		{8345DC6C-B65A-42B8-931A-77E46674F8C6}.Debug|Any CPU.Build.0 = Debug|Any CPU
		{8345DC6C-B65A-42B8-931A-77E46674F8C6}.Release|Any CPU.ActiveCfg = Release|Any CPU
		{8345DC6C-B65A-42B8-931A-77E46674F8C6}.Release|Any CPU.Build.0 = Release|Any CPU
	EndGlobalSection
	GlobalSection(SolutionProperties) = preSolution
		HideSolutionNode = FALSE
	EndGlobalSection
	GlobalSection(ExtensibilityGlobals) = postSolution
		SolutionGuid = {CCF98D75-D25E-4298-B9E9-0F628FDB3CAC}
	EndGlobalSection
EndGlobal
